
Microsoft Visual Studio Solution File, Format Version 12.00
# Visual Studio Version 17
VisualStudioVersion = 17.5.002.0
MinimumVisualStudioVersion = 10.0.40219.1
Project("{2150E333-8FDC-42A3-9474-1A3956D46DE8}") = "csharp-prep", "csharp-prep", "{A7B9EC29-6C17-4E95-95B7-6E29DE0ADDCB}"
EndProject
Project("{9A19103F-16F7-4668-BE54-9A1E7A4F7556}") = "Prep1", "csharp-prep\Prep1\Prep1.csproj", "{15F685CA-8E1F-4EB3-934E-92470B7E9E22}"
EndProject
Project("{9A19103F-16F7-4668-BE54-9A1E7A4F7556}") = "Prep2", "csharp-prep\Prep2\Prep2.csproj", "{C241C43E-05F7-4A44-B35B-BC210A063BAA}"
EndProject
Project("{9A19103F-16F7-4668-BE54-9A1E7A4F7556}") = "Prep3", "csharp-prep\Prep3\Prep3.csproj", "{C4F33378-823C-492C-B49D-7B82F43D658D}"
EndProject
Project("{9A19103F-16F7-4668-BE54-9A1E7A4F7556}") = "Prep4", "csharp-prep\Prep4\Prep4.csproj", "{B55A3447-4A2A-42F1-BA26-5C845FAEF856}"
EndProject
Project("{9A19103F-16F7-4668-BE54-9A1E7A4F7556}") = "Prep5", "csharp-prep\Prep5\Prep5.csproj", "{C3EC9555-2E93-4989-BF26-07A9EF856419}"
EndProject
Project("{2150E333-8FDC-42A3-9474-1A3956D46DE8}") = "final", "final", "{497C52FC-1A95-45AF-8D19-E61262370403}"
EndProject
Project("{9A19103F-16F7-4668-BE54-9A1E7A4F7556}") = "FinalProject", "final\FinalProject\FinalProject.csproj", "{C95EE5EB-19F3-43B3-AAAA-B93DA728D4E4}"
EndProject
Project("{9A19103F-16F7-4668-BE54-9A1E7A4F7556}") = "Foundation1", "final\Foundation1\Foundation1.csproj", "{6F4C2AA0-874C-4906-998F-37F27C33133B}"
EndProject
Project("{9A19103F-16F7-4668-BE54-9A1E7A4F7556}") = "Foundation2", "final\Foundation2\Foundation2.csproj", "{65A59FDD-3D84-4CD6-9921-E6983C35E3D3}"
EndProject
Project("{9A19103F-16F7-4668-BE54-9A1E7A4F7556}") = "Foundation3", "final\Foundation3\Foundation3.csproj", "{BCA6ABD0-7328-478B-8948-AFB8CDDDAA39}"
EndProject
Project("{9A19103F-16F7-4668-BE54-9A1E7A4F7556}") = "Foundation4", "final\Foundation4\Foundation4.csproj", "{9A62042C-6F1D-4C35-887E-3F262B9B1167}"
EndProject
Project("{2150E333-8FDC-42A3-9474-1A3956D46DE8}") = "prepare", "prepare", "{C62A5BEF-4BCF-4B91-9856-F8D49F832298}"
EndProject
Project("{9A19103F-16F7-4668-BE54-9A1E7A4F7556}") = "Learning02", "prepare\Learning02\Learning02.csproj", "{289C4295-3FC5-4617-A51D-3F7E2450106A}"
EndProject
Project("{9A19103F-16F7-4668-BE54-9A1E7A4F7556}") = "Learning03", "prepare\Learning03\Learning03.csproj", "{ACA5131E-3143-4A02-AD8A-F59A6CF7BBAD}"
EndProject
Project("{9A19103F-16F7-4668-BE54-9A1E7A4F7556}") = "Learning04", "prepare\Learning04\Learning04.csproj", "{103167E1-4E34-4529-AE02-30B383817DCA}"
EndProject
Project("{9A19103F-16F7-4668-BE54-9A1E7A4F7556}") = "Learning05", "prepare\Learning05\Learning05.csproj", "{9BB25694-D4FE-4350-A039-195E77BCE46A}"
EndProject
Project("{2150E333-8FDC-42A3-9474-1A3956D46DE8}") = "prove", "prove", "{1319BE7D-6725-4D3E-AD34-6A5C992C79A5}"
EndProject
Project("{9A19103F-16F7-4668-BE54-9A1E7A4F7556}") = "Develop02", "prove\Develop02\Develop02.csproj", "{CFF26E14-B1C2-45EB-82B9-FFA82625BFE8}"
EndProject
Project("{9A19103F-16F7-4668-BE54-9A1E7A4F7556}") = "Develop03", "prove\Develop03\Develop03.csproj", "{18F47417-698A-41F1-9F14-98A59CF8415A}"
EndProject
Project("{9A19103F-16F7-4668-BE54-9A1E7A4F7556}") = "Develop04", "prove\Develop04\Develop04.csproj", "{0A2E874D-A0FD-408A-A48B-1BA2127F8589}"
EndProject
Project("{9A19103F-16F7-4668-BE54-9A1E7A4F7556}") = "Develop05", "prove\Develop05\Develop05.csproj", "{7D31E0EE-0CB5-4B50-B00E-02ACBB2AB55F}"
EndProject
Project("{2150E333-8FDC-42A3-9474-1A3956D46DE8}") = "sandbox", "sandbox", "{14B374A8-8B54-4230-8729-1129416EDCD8}"
EndProject
Project("{9A19103F-16F7-4668-BE54-9A1E7A4F7556}") = "Sandbox", "sandbox\Sandbox\Sandbox.csproj", "{19E59B8B-97C5-42C4-90CE-375CD8E97A8C}"
EndProject
Global
	GlobalSection(SolutionConfigurationPlatforms) = preSolution
		Debug|Any CPU = Debug|Any CPU
		Release|Any CPU = Release|Any CPU
	EndGlobalSection
	GlobalSection(ProjectConfigurationPlatforms) = postSolution
		{15F685CA-8E1F-4EB3-934E-92470B7E9E22}.Debug|Any CPU.ActiveCfg = Debug|Any CPU
		{15F685CA-8E1F-4EB3-934E-92470B7E9E22}.Debug|Any CPU.Build.0 = Debug|Any CPU
		{15F685CA-8E1F-4EB3-934E-92470B7E9E22}.Release|Any CPU.ActiveCfg = Release|Any CPU
		{15F685CA-8E1F-4EB3-934E-92470B7E9E22}.Release|Any CPU.Build.0 = Release|Any CPU
		{C241C43E-05F7-4A44-B35B-BC210A063BAA}.Debug|Any CPU.ActiveCfg = Debug|Any CPU
		{C241C43E-05F7-4A44-B35B-BC210A063BAA}.Debug|Any CPU.Build.0 = Debug|Any CPU
		{C241C43E-05F7-4A44-B35B-BC210A063BAA}.Release|Any CPU.ActiveCfg = Release|Any CPU
		{C241C43E-05F7-4A44-B35B-BC210A063BAA}.Release|Any CPU.Build.0 = Release|Any CPU
		{C4F33378-823C-492C-B49D-7B82F43D658D}.Debug|Any CPU.ActiveCfg = Debug|Any CPU
		{C4F33378-823C-492C-B49D-7B82F43D658D}.Debug|Any CPU.Build.0 = Debug|Any CPU
		{C4F33378-823C-492C-B49D-7B82F43D658D}.Release|Any CPU.ActiveCfg = Release|Any CPU
		{C4F33378-823C-492C-B49D-7B82F43D658D}.Release|Any CPU.Build.0 = Release|Any CPU
		{B55A3447-4A2A-42F1-BA26-5C845FAEF856}.Debug|Any CPU.ActiveCfg = Debug|Any CPU
		{B55A3447-4A2A-42F1-BA26-5C845FAEF856}.Debug|Any CPU.Build.0 = Debug|Any CPU
		{B55A3447-4A2A-42F1-BA26-5C845FAEF856}.Release|Any CPU.ActiveCfg = Release|Any CPU
		{B55A3447-4A2A-42F1-BA26-5C845FAEF856}.Release|Any CPU.Build.0 = Release|Any CPU
		{C3EC9555-2E93-4989-BF26-07A9EF856419}.Debug|Any CPU.ActiveCfg = Debug|Any CPU
		{C3EC9555-2E93-4989-BF26-07A9EF856419}.Debug|Any CPU.Build.0 = Debug|Any CPU
		{C3EC9555-2E93-4989-BF26-07A9EF856419}.Release|Any CPU.ActiveCfg = Release|Any CPU
		{C3EC9555-2E93-4989-BF26-07A9EF856419}.Release|Any CPU.Build.0 = Release|Any CPU
		{C95EE5EB-19F3-43B3-AAAA-B93DA728D4E4}.Debug|Any CPU.ActiveCfg = Debug|Any CPU
		{C95EE5EB-19F3-43B3-AAAA-B93DA728D4E4}.Debug|Any CPU.Build.0 = Debug|Any CPU
		{C95EE5EB-19F3-43B3-AAAA-B93DA728D4E4}.Release|Any CPU.ActiveCfg = Release|Any CPU
		{C95EE5EB-19F3-43B3-AAAA-B93DA728D4E4}.Release|Any CPU.Build.0 = Release|Any CPU
		{6F4C2AA0-874C-4906-998F-37F27C33133B}.Debug|Any CPU.ActiveCfg = Debug|Any CPU
		{6F4C2AA0-874C-4906-998F-37F27C33133B}.Debug|Any CPU.Build.0 = Debug|Any CPU
		{6F4C2AA0-874C-4906-998F-37F27C33133B}.Release|Any CPU.ActiveCfg = Release|Any CPU
		{6F4C2AA0-874C-4906-998F-37F27C33133B}.Release|Any CPU.Build.0 = Release|Any CPU
		{65A59FDD-3D84-4CD6-9921-E6983C35E3D3}.Debug|Any CPU.ActiveCfg = Debug|Any CPU
		{65A59FDD-3D84-4CD6-9921-E6983C35E3D3}.Debug|Any CPU.Build.0 = Debug|Any CPU
		{65A59FDD-3D84-4CD6-9921-E6983C35E3D3}.Release|Any CPU.ActiveCfg = Release|Any CPU
		{65A59FDD-3D84-4CD6-9921-E6983C35E3D3}.Release|Any CPU.Build.0 = Release|Any CPU
		{BCA6ABD0-7328-478B-8948-AFB8CDDDAA39}.Debug|Any CPU.ActiveCfg = Debug|Any CPU
		{BCA6ABD0-7328-478B-8948-AFB8CDDDAA39}.Debug|Any CPU.Build.0 = Debug|Any CPU
		{BCA6ABD0-7328-478B-8948-AFB8CDDDAA39}.Release|Any CPU.ActiveCfg = Release|Any CPU
		{BCA6ABD0-7328-478B-8948-AFB8CDDDAA39}.Release|Any CPU.Build.0 = Release|Any CPU
		{9A62042C-6F1D-4C35-887E-3F262B9B1167}.Debug|Any CPU.ActiveCfg = Debug|Any CPU
		{9A62042C-6F1D-4C35-887E-3F262B9B1167}.Debug|Any CPU.Build.0 = Debug|Any CPU
		{9A62042C-6F1D-4C35-887E-3F262B9B1167}.Release|Any CPU.ActiveCfg = Release|Any CPU
		{9A62042C-6F1D-4C35-887E-3F262B9B1167}.Release|Any CPU.Build.0 = Release|Any CPU
		{289C4295-3FC5-4617-A51D-3F7E2450106A}.Debug|Any CPU.ActiveCfg = Debug|Any CPU
		{289C4295-3FC5-4617-A51D-3F7E2450106A}.Debug|Any CPU.Build.0 = Debug|Any CPU
		{289C4295-3FC5-4617-A51D-3F7E2450106A}.Release|Any CPU.ActiveCfg = Release|Any CPU
		{289C4295-3FC5-4617-A51D-3F7E2450106A}.Release|Any CPU.Build.0 = Release|Any CPU
		{ACA5131E-3143-4A02-AD8A-F59A6CF7BBAD}.Debug|Any CPU.ActiveCfg = Debug|Any CPU
		{ACA5131E-3143-4A02-AD8A-F59A6CF7BBAD}.Debug|Any CPU.Build.0 = Debug|Any CPU
		{ACA5131E-3143-4A02-AD8A-F59A6CF7BBAD}.Release|Any CPU.ActiveCfg = Release|Any CPU
		{ACA5131E-3143-4A02-AD8A-F59A6CF7BBAD}.Release|Any CPU.Build.0 = Release|Any CPU
		{103167E1-4E34-4529-AE02-30B383817DCA}.Debug|Any CPU.ActiveCfg = Debug|Any CPU
		{103167E1-4E34-4529-AE02-30B383817DCA}.Debug|Any CPU.Build.0 = Debug|Any CPU
		{103167E1-4E34-4529-AE02-30B383817DCA}.Release|Any CPU.ActiveCfg = Release|Any CPU
		{103167E1-4E34-4529-AE02-30B383817DCA}.Release|Any CPU.Build.0 = Release|Any CPU
		{9BB25694-D4FE-4350-A039-195E77BCE46A}.Debug|Any CPU.ActiveCfg = Debug|Any CPU
		{9BB25694-D4FE-4350-A039-195E77BCE46A}.Debug|Any CPU.Build.0 = Debug|Any CPU
		{9BB25694-D4FE-4350-A039-195E77BCE46A}.Release|Any CPU.ActiveCfg = Release|Any CPU
		{9BB25694-D4FE-4350-A039-195E77BCE46A}.Release|Any CPU.Build.0 = Release|Any CPU
		{CFF26E14-B1C2-45EB-82B9-FFA82625BFE8}.Debug|Any CPU.ActiveCfg = Debug|Any CPU
		{CFF26E14-B1C2-45EB-82B9-FFA82625BFE8}.Debug|Any CPU.Build.0 = Debug|Any CPU
		{CFF26E14-B1C2-45EB-82B9-FFA82625BFE8}.Release|Any CPU.ActiveCfg = Release|Any CPU
		{CFF26E14-B1C2-45EB-82B9-FFA82625BFE8}.Release|Any CPU.Build.0 = Release|Any CPU
		{18F47417-698A-41F1-9F14-98A59CF8415A}.Debug|Any CPU.ActiveCfg = Debug|Any CPU
		{18F47417-698A-41F1-9F14-98A59CF8415A}.Debug|Any CPU.Build.0 = Debug|Any CPU
		{18F47417-698A-41F1-9F14-98A59CF8415A}.Release|Any CPU.ActiveCfg = Release|Any CPU
		{18F47417-698A-41F1-9F14-98A59CF8415A}.Release|Any CPU.Build.0 = Release|Any CPU
		{0A2E874D-A0FD-408A-A48B-1BA2127F8589}.Debug|Any CPU.ActiveCfg = Debug|Any CPU
		{0A2E874D-A0FD-408A-A48B-1BA2127F8589}.Debug|Any CPU.Build.0 = Debug|Any CPU
		{0A2E874D-A0FD-408A-A48B-1BA2127F8589}.Release|Any CPU.ActiveCfg = Release|Any CPU
		{0A2E874D-A0FD-408A-A48B-1BA2127F8589}.Release|Any CPU.Build.0 = Release|Any CPU
		{7D31E0EE-0CB5-4B50-B00E-02ACBB2AB55F}.Debug|Any CPU.ActiveCfg = Debug|Any CPU
		{7D31E0EE-0CB5-4B50-B00E-02ACBB2AB55F}.Debug|Any CPU.Build.0 = Debug|Any CPU
		{7D31E0EE-0CB5-4B50-B00E-02ACBB2AB55F}.Release|Any CPU.ActiveCfg = Release|Any CPU
		{7D31E0EE-0CB5-4B50-B00E-02ACBB2AB55F}.Release|Any CPU.Build.0 = Release|Any CPU
		{19E59B8B-97C5-42C4-90CE-375CD8E97A8C}.Debug|Any CPU.ActiveCfg = Debug|Any CPU
		{19E59B8B-97C5-42C4-90CE-375CD8E97A8C}.Debug|Any CPU.Build.0 = Debug|Any CPU
		{19E59B8B-97C5-42C4-90CE-375CD8E97A8C}.Release|Any CPU.ActiveCfg = Release|Any CPU
		{19E59B8B-97C5-42C4-90CE-375CD8E97A8C}.Release|Any CPU.Build.0 = Release|Any CPU
	EndGlobalSection
	GlobalSection(SolutionProperties) = preSolution
		HideSolutionNode = FALSE
	EndGlobalSection
	GlobalSection(NestedProjects) = preSolution
		{15F685CA-8E1F-4EB3-934E-92470B7E9E22} = {A7B9EC29-6C17-4E95-95B7-6E29DE0ADDCB}
		{C241C43E-05F7-4A44-B35B-BC210A063BAA} = {A7B9EC29-6C17-4E95-95B7-6E29DE0ADDCB}
		{C4F33378-823C-492C-B49D-7B82F43D658D} = {A7B9EC29-6C17-4E95-95B7-6E29DE0ADDCB}
		{B55A3447-4A2A-42F1-BA26-5C845FAEF856} = {A7B9EC29-6C17-4E95-95B7-6E29DE0ADDCB}
		{C3EC9555-2E93-4989-BF26-07A9EF856419} = {A7B9EC29-6C17-4E95-95B7-6E29DE0ADDCB}
		{C95EE5EB-19F3-43B3-AAAA-B93DA728D4E4} = {497C52FC-1A95-45AF-8D19-E61262370403}
		{6F4C2AA0-874C-4906-998F-37F27C33133B} = {497C52FC-1A95-45AF-8D19-E61262370403}
		{65A59FDD-3D84-4CD6-9921-E6983C35E3D3} = {497C52FC-1A95-45AF-8D19-E61262370403}
		{BCA6ABD0-7328-478B-8948-AFB8CDDDAA39} = {497C52FC-1A95-45AF-8D19-E61262370403}
		{9A62042C-6F1D-4C35-887E-3F262B9B1167} = {497C52FC-1A95-45AF-8D19-E61262370403}
		{289C4295-3FC5-4617-A51D-3F7E2450106A} = {C62A5BEF-4BCF-4B91-9856-F8D49F832298}
		{ACA5131E-3143-4A02-AD8A-F59A6CF7BBAD} = {C62A5BEF-4BCF-4B91-9856-F8D49F832298}
		{103167E1-4E34-4529-AE02-30B383817DCA} = {C62A5BEF-4BCF-4B91-9856-F8D49F832298}
		{9BB25694-D4FE-4350-A039-195E77BCE46A} = {C62A5BEF-4BCF-4B91-9856-F8D49F832298}
		{CFF26E14-B1C2-45EB-82B9-FFA82625BFE8} = {1319BE7D-6725-4D3E-AD34-6A5C992C79A5}
		{18F47417-698A-41F1-9F14-98A59CF8415A} = {1319BE7D-6725-4D3E-AD34-6A5C992C79A5}
		{0A2E874D-A0FD-408A-A48B-1BA2127F8589} = {1319BE7D-6725-4D3E-AD34-6A5C992C79A5}
		{7D31E0EE-0CB5-4B50-B00E-02ACBB2AB55F} = {1319BE7D-6725-4D3E-AD34-6A5C992C79A5}
		{19E59B8B-97C5-42C4-90CE-375CD8E97A8C} = {14B374A8-8B54-4230-8729-1129416EDCD8}
	EndGlobalSection
	GlobalSection(ExtensibilityGlobals) = postSolution
		SolutionGuid = {A9BE4834-F7EF-4D68-B738-D279D4F9D580}
	EndGlobalSection
EndGlobal
